
Microsoft Visual Studio Solution File, Format Version 12.00
# Visual Studio Version 17
VisualStudioVersion = 17.0.32112.339
MinimumVisualStudioVersion = 10.0.40219.1
Project("{9A19103F-16F7-4668-BE54-9A1E7A4F7556}") = "CazamioNewProject", "CazamioNewProject\CazamioNewProject.csproj", "{91EB4A3A-2762-4359-BCED-F406A69D19F8}"
EndProject
Project("{9A19103F-16F7-4668-BE54-9A1E7A4F7556}") = "MarketplaceAdminGui", "MarketplaceAdminGuiTest\MarketplaceAdminGui.csproj", "{0E4CB52F-5359-4220-A0C2-1F8A7B28DE97}"
EndProject
Project("{9A19103F-16F7-4668-BE54-9A1E7A4F7556}") = "SuperAdminGui", "SuperAdminGui\SuperAdminGui.csproj", "{39321715-52BE-4591-B44E-796120022E7F}"
EndProject
Project("{9A19103F-16F7-4668-BE54-9A1E7A4F7556}") = "BrokerGui", "BrokerGui\BrokerGui.csproj", "{7DF306BD-0EF2-48F9-BA3A-4970D89C9107}"
EndProject
Project("{9A19103F-16F7-4668-BE54-9A1E7A4F7556}") = "AgentGui", "AgentGui\AgentGui.csproj", "{5E04D45C-B5A0-4886-9639-F0ACC5FA6334}"
EndProject
Project("{9A19103F-16F7-4668-BE54-9A1E7A4F7556}") = "AgentBrokerGui", "AgentBrokerGui\AgentBrokerGui.csproj", "{E2CA83CF-11F3-4D36-BED9-A327DACC2838}"
EndProject
Project("{9A19103F-16F7-4668-BE54-9A1E7A4F7556}") = "TenantCreatorGui", "TenantCreatorGui\TenantCreatorGui.csproj", "{32CF3460-6567-48E6-8469-ABE61132E8E4}"
EndProject
Project("{9A19103F-16F7-4668-BE54-9A1E7A4F7556}") = "DbTests", "DbTests\DbTests.csproj", "{4F20BE78-D2F0-45B6-8643-931C05209DCF}"
EndProject
Project("{FAE04EC0-301F-11D3-BF4B-00C04F79EFBC}") = "ApiTestsLandlord", "ApiTestsLandlord\ApiTestsLandlord.csproj", "{B47714D5-72FF-4130-B792-667CA39AB51B}"
EndProject
Global
	GlobalSection(SolutionConfigurationPlatforms) = preSolution
		Debug|Any CPU = Debug|Any CPU
		Release|Any CPU = Release|Any CPU
	EndGlobalSection
	GlobalSection(ProjectConfigurationPlatforms) = postSolution
		{91EB4A3A-2762-4359-BCED-F406A69D19F8}.Debug|Any CPU.ActiveCfg = Debug|Any CPU
		{91EB4A3A-2762-4359-BCED-F406A69D19F8}.Debug|Any CPU.Build.0 = Debug|Any CPU
		{91EB4A3A-2762-4359-BCED-F406A69D19F8}.Release|Any CPU.ActiveCfg = Release|Any CPU
		{91EB4A3A-2762-4359-BCED-F406A69D19F8}.Release|Any CPU.Build.0 = Release|Any CPU
		{0E4CB52F-5359-4220-A0C2-1F8A7B28DE97}.Debug|Any CPU.ActiveCfg = Debug|Any CPU
		{0E4CB52F-5359-4220-A0C2-1F8A7B28DE97}.Debug|Any CPU.Build.0 = Debug|Any CPU
		{0E4CB52F-5359-4220-A0C2-1F8A7B28DE97}.Release|Any CPU.ActiveCfg = Release|Any CPU
		{0E4CB52F-5359-4220-A0C2-1F8A7B28DE97}.Release|Any CPU.Build.0 = Release|Any CPU
		{39321715-52BE-4591-B44E-796120022E7F}.Debug|Any CPU.ActiveCfg = Debug|Any CPU
		{39321715-52BE-4591-B44E-796120022E7F}.Debug|Any CPU.Build.0 = Debug|Any CPU
		{39321715-52BE-4591-B44E-796120022E7F}.Release|Any CPU.ActiveCfg = Release|Any CPU
		{39321715-52BE-4591-B44E-796120022E7F}.Release|Any CPU.Build.0 = Release|Any CPU
		{7DF306BD-0EF2-48F9-BA3A-4970D89C9107}.Debug|Any CPU.ActiveCfg = Debug|Any CPU
		{7DF306BD-0EF2-48F9-BA3A-4970D89C9107}.Debug|Any CPU.Build.0 = Debug|Any CPU
		{7DF306BD-0EF2-48F9-BA3A-4970D89C9107}.Release|Any CPU.ActiveCfg = Release|Any CPU
		{7DF306BD-0EF2-48F9-BA3A-4970D89C9107}.Release|Any CPU.Build.0 = Release|Any CPU
		{5E04D45C-B5A0-4886-9639-F0ACC5FA6334}.Debug|Any CPU.ActiveCfg = Debug|Any CPU
		{5E04D45C-B5A0-4886-9639-F0ACC5FA6334}.Debug|Any CPU.Build.0 = Debug|Any CPU
		{5E04D45C-B5A0-4886-9639-F0ACC5FA6334}.Release|Any CPU.ActiveCfg = Release|Any CPU
		{5E04D45C-B5A0-4886-9639-F0ACC5FA6334}.Release|Any CPU.Build.0 = Release|Any CPU
		{E2CA83CF-11F3-4D36-BED9-A327DACC2838}.Debug|Any CPU.ActiveCfg = Debug|Any CPU
		{E2CA83CF-11F3-4D36-BED9-A327DACC2838}.Debug|Any CPU.Build.0 = Debug|Any CPU
		{E2CA83CF-11F3-4D36-BED9-A327DACC2838}.Release|Any CPU.ActiveCfg = Release|Any CPU
		{E2CA83CF-11F3-4D36-BED9-A327DACC2838}.Release|Any CPU.Build.0 = Release|Any CPU
		{32CF3460-6567-48E6-8469-ABE61132E8E4}.Debug|Any CPU.ActiveCfg = Debug|Any CPU
		{32CF3460-6567-48E6-8469-ABE61132E8E4}.Debug|Any CPU.Build.0 = Debug|Any CPU
		{32CF3460-6567-48E6-8469-ABE61132E8E4}.Release|Any CPU.ActiveCfg = Release|Any CPU
		{32CF3460-6567-48E6-8469-ABE61132E8E4}.Release|Any CPU.Build.0 = Release|Any CPU
		{4F20BE78-D2F0-45B6-8643-931C05209DCF}.Debug|Any CPU.ActiveCfg = Debug|Any CPU
		{4F20BE78-D2F0-45B6-8643-931C05209DCF}.Debug|Any CPU.Build.0 = Debug|Any CPU
		{4F20BE78-D2F0-45B6-8643-931C05209DCF}.Release|Any CPU.ActiveCfg = Release|Any CPU
		{4F20BE78-D2F0-45B6-8643-931C05209DCF}.Release|Any CPU.Build.0 = Release|Any CPU
		{B47714D5-72FF-4130-B792-667CA39AB51B}.Debug|Any CPU.ActiveCfg = Debug|Any CPU
		{B47714D5-72FF-4130-B792-667CA39AB51B}.Debug|Any CPU.Build.0 = Debug|Any CPU
		{B47714D5-72FF-4130-B792-667CA39AB51B}.Release|Any CPU.ActiveCfg = Release|Any CPU
		{B47714D5-72FF-4130-B792-667CA39AB51B}.Release|Any CPU.Build.0 = Release|Any CPU
	EndGlobalSection
	GlobalSection(SolutionProperties) = preSolution
		HideSolutionNode = FALSE
	EndGlobalSection
	GlobalSection(ExtensibilityGlobals) = postSolution
		SolutionGuid = {28502A87-54AB-4081-A4E9-0223F3E96CBB}
	EndGlobalSection
EndGlobal
