
Microsoft Visual Studio Solution File, Format Version 12.00
# Visual Studio Version 17
VisualStudioVersion = 17.0.32112.339
MinimumVisualStudioVersion = 10.0.40219.1
Project("{9A19103F-16F7-4668-BE54-9A1E7A4F7556}") = "CazamioNewProject", "CazamioNewProject\CazamioNewProject.csproj", "{91EB4A3A-2762-4359-BCED-F406A69D19F8}"
EndProject
Project("{9A19103F-16F7-4668-BE54-9A1E7A4F7556}") = "MarketplaceAdminGui", "MarketplaceAdminGuiTest\MarketplaceAdminGui.csproj", "{0E4CB52F-5359-4220-A0C2-1F8A7B28DE97}"
EndProject
Project("{FAE04EC0-301F-11D3-BF4B-00C04F79EFBC}") = "SuperAdminGui", "SuperAdminGui\SuperAdminGui.csproj", "{39321715-52BE-4591-B44E-796120022E7F}"
EndProject
Global
	GlobalSection(SolutionConfigurationPlatforms) = preSolution
		Debug|Any CPU = Debug|Any CPU
		Release|Any CPU = Release|Any CPU
	EndGlobalSection
	GlobalSection(ProjectConfigurationPlatforms) = postSolution
		{91EB4A3A-2762-4359-BCED-F406A69D19F8}.Debug|Any CPU.ActiveCfg = Debug|Any CPU
		{91EB4A3A-2762-4359-BCED-F406A69D19F8}.Debug|Any CPU.Build.0 = Debug|Any CPU
		{91EB4A3A-2762-4359-BCED-F406A69D19F8}.Release|Any CPU.ActiveCfg = Release|Any CPU
		{91EB4A3A-2762-4359-BCED-F406A69D19F8}.Release|Any CPU.Build.0 = Release|Any CPU
		{0E4CB52F-5359-4220-A0C2-1F8A7B28DE97}.Debug|Any CPU.ActiveCfg = Debug|Any CPU
		{0E4CB52F-5359-4220-A0C2-1F8A7B28DE97}.Debug|Any CPU.Build.0 = Debug|Any CPU
		{0E4CB52F-5359-4220-A0C2-1F8A7B28DE97}.Release|Any CPU.ActiveCfg = Release|Any CPU
		{0E4CB52F-5359-4220-A0C2-1F8A7B28DE97}.Release|Any CPU.Build.0 = Release|Any CPU
		{39321715-52BE-4591-B44E-796120022E7F}.Debug|Any CPU.ActiveCfg = Debug|Any CPU
		{39321715-52BE-4591-B44E-796120022E7F}.Debug|Any CPU.Build.0 = Debug|Any CPU
		{39321715-52BE-4591-B44E-796120022E7F}.Release|Any CPU.ActiveCfg = Release|Any CPU
		{39321715-52BE-4591-B44E-796120022E7F}.Release|Any CPU.Build.0 = Release|Any CPU
	EndGlobalSection
	GlobalSection(SolutionProperties) = preSolution
		HideSolutionNode = FALSE
	EndGlobalSection
	GlobalSection(ExtensibilityGlobals) = postSolution
		SolutionGuid = {28502A87-54AB-4081-A4E9-0223F3E96CBB}
	EndGlobalSection
EndGlobal
